
Microsoft Visual Studio Solution File, Format Version 12.00
# Visual Studio Version 17
VisualStudioVersion = 17.3.32901.215
MinimumVisualStudioVersion = 10.0.40219.1
Project("{FAE04EC0-301F-11D3-BF4B-00C04F79EFBC}") = "SEMESTER_2_PROJECT", "SEMESTER_2_PROJECT\SEMESTER_2_PROJECT.csproj", "{C2745DE7-E36E-467A-B66A-7A77CE7DBF00}"
EndProject
Project("{FAE04EC0-301F-11D3-BF4B-00C04F79EFBC}") = "DAL.DataAccessLayer", "DAL.DataAccessLayer\DAL.DataAccessLayer.csproj", "{ACE28235-4B87-4AE2-A344-8F7973D2EFA2}"
EndProject
Project("{FAE04EC0-301F-11D3-BF4B-00C04F79EFBC}") = "BLL.BusinessLogicLayer", "BLL.BusinessLogicLayer\BLL.BusinessLogicLayer.csproj", "{F89E6650-EF2A-421D-B72A-96C6AB947830}"
EndProject
Global
	GlobalSection(SolutionConfigurationPlatforms) = preSolution
		Debug|Any CPU = Debug|Any CPU
		Release|Any CPU = Release|Any CPU
	EndGlobalSection
	GlobalSection(ProjectConfigurationPlatforms) = postSolution
		{C2745DE7-E36E-467A-B66A-7A77CE7DBF00}.Debug|Any CPU.ActiveCfg = Debug|Any CPU
		{C2745DE7-E36E-467A-B66A-7A77CE7DBF00}.Debug|Any CPU.Build.0 = Debug|Any CPU
		{C2745DE7-E36E-467A-B66A-7A77CE7DBF00}.Release|Any CPU.ActiveCfg = Release|Any CPU
		{C2745DE7-E36E-467A-B66A-7A77CE7DBF00}.Release|Any CPU.Build.0 = Release|Any CPU
		{ACE28235-4B87-4AE2-A344-8F7973D2EFA2}.Debug|Any CPU.ActiveCfg = Debug|Any CPU
		{ACE28235-4B87-4AE2-A344-8F7973D2EFA2}.Debug|Any CPU.Build.0 = Debug|Any CPU
		{ACE28235-4B87-4AE2-A344-8F7973D2EFA2}.Release|Any CPU.ActiveCfg = Release|Any CPU
		{ACE28235-4B87-4AE2-A344-8F7973D2EFA2}.Release|Any CPU.Build.0 = Release|Any CPU
		{F89E6650-EF2A-421D-B72A-96C6AB947830}.Debug|Any CPU.ActiveCfg = Debug|Any CPU
		{F89E6650-EF2A-421D-B72A-96C6AB947830}.Debug|Any CPU.Build.0 = Debug|Any CPU
		{F89E6650-EF2A-421D-B72A-96C6AB947830}.Release|Any CPU.ActiveCfg = Release|Any CPU
		{F89E6650-EF2A-421D-B72A-96C6AB947830}.Release|Any CPU.Build.0 = Release|Any CPU
	EndGlobalSection
	GlobalSection(SolutionProperties) = preSolution
		HideSolutionNode = FALSE
	EndGlobalSection
	GlobalSection(ExtensibilityGlobals) = postSolution
		SolutionGuid = {3DA7C9E6-3E51-4E19-A022-1DD09FD700F6}
	EndGlobalSection
EndGlobal
